// !$*UTF8*$!
{
	archiveVersion = 1;
	classes = {
	};
	objectVersion = 56;
	objects = {

/* Begin PBXBuildFile section */
		DC00FF4B2AFB687900D98DDB /* habibe.koseoglu_Koseoglu_Habibe_hw3.cpp in Sources */ = {isa = PBXBuildFile; fileRef = DC00FF4A2AFB687900D98DDB /* habibe.koseoglu_Koseoglu_Habibe_hw3.cpp */; };
		DCB9D6732B8CC7D4006419A1 /* input1.txt in CopyFiles */ = {isa = PBXBuildFile; fileRef = DCB9D6702B8CC7CF006419A1 /* input1.txt */; };
		DCB9D6742B8CC7D4006419A1 /* input2.txt in CopyFiles */ = {isa = PBXBuildFile; fileRef = DCB9D6722B8CC7CF006419A1 /* input2.txt */; };
		DCB9D6752B8CC7D4006419A1 /* input3.txt in CopyFiles */ = {isa = PBXBuildFile; fileRef = DCB9D6712B8CC7CF006419A1 /* input3.txt */; };
/* End PBXBuildFile section */

/* Begin PBXCopyFilesBuildPhase section */
		DC00FF452AFB687900D98DDB /* CopyFiles */ = {
			isa = PBXCopyFilesBuildPhase;
			buildActionMask = 2147483647;
			dstPath = /usr/share/man/man1/;
			dstSubfolderSpec = 0;
			files = (
			);
			runOnlyForDeploymentPostprocessing = 1;
		};
		DCB9D66C2B8CC7A0006419A1 /* CopyFiles */ = {
			isa = PBXCopyFilesBuildPhase;
			buildActionMask = 2147483647;
			dstPath = "";
			dstSubfolderSpec = 7;
			files = (
				DCB9D6732B8CC7D4006419A1 /* input1.txt in CopyFiles */,
				DCB9D6742B8CC7D4006419A1 /* input2.txt in CopyFiles */,
				DCB9D6752B8CC7D4006419A1 /* input3.txt in CopyFiles */,
			);
			runOnlyForDeploymentPostprocessing = 0;
		};
/* End PBXCopyFilesBuildPhase section */

/* Begin PBXFileReference section */
		DC00FF472AFB687900D98DDB /* habibe.koseoglu_Koseoglu_Habibe_hw3.cpp */ = {isa = PBXFileReference; explicitFileType = "compiled.mach-o.executable"; includeInIndex = 0; path = habibe.koseoglu_Koseoglu_Habibe_hw3.cpp; sourceTree = BUILT_PRODUCTS_DIR; };
		DC00FF4A2AFB687900D98DDB /* habibe.koseoglu_Koseoglu_Habibe_hw3.cpp */ = {isa = PBXFileReference; lastKnownFileType = sourcecode.cpp.cpp; path = habibe.koseoglu_Koseoglu_Habibe_hw3.cpp; sourceTree = "<group>"; };
		DCB9D6702B8CC7CF006419A1 /* input1.txt */ = {isa = PBXFileReference; fileEncoding = 4; lastKnownFileType = text; path = input1.txt; sourceTree = "<group>"; };
		DCB9D6712B8CC7CF006419A1 /* input3.txt */ = {isa = PBXFileReference; fileEncoding = 4; lastKnownFileType = text; path = input3.txt; sourceTree = "<group>"; };
		DCB9D6722B8CC7CF006419A1 /* input2.txt */ = {isa = PBXFileReference; fileEncoding = 4; lastKnownFileType = text; path = input2.txt; sourceTree = "<group>"; };
/* End PBXFileReference section */

/* Begin PBXFrameworksBuildPhase section */
		DC00FF442AFB687900D98DDB /* Frameworks */ = {
			isa = PBXFrameworksBuildPhase;
			buildActionMask = 2147483647;
			files = (
			);
			runOnlyForDeploymentPostprocessing = 0;
		};
/* End PBXFrameworksBuildPhase section */

/* Begin PBXGroup section */
		DC00FF3E2AFB687900D98DDB = {
			isa = PBXGroup;
			children = (
				DC00FF492AFB687900D98DDB /* habibe.koseoglu_Koseoglu_Habibe_hw3.cpp */,
				DC00FF482AFB687900D98DDB /* Products */,
			);
			sourceTree = "<group>";
		};
		DC00FF482AFB687900D98DDB /* Products */ = {
			isa = PBXGroup;
			children = (
				DC00FF472AFB687900D98DDB /* habibe.koseoglu_Koseoglu_Habibe_hw3.cpp */,
			);
			name = Products;
			sourceTree = "<group>";
		};
		DC00FF492AFB687900D98DDB /* habibe.koseoglu_Koseoglu_Habibe_hw3.cpp */ = {
			isa = PBXGroup;
			children = (
				DC00FF4A2AFB687900D98DDB /* habibe.koseoglu_Koseoglu_Habibe_hw3.cpp */,
				DCB9D6702B8CC7CF006419A1 /* input1.txt */,
				DCB9D6722B8CC7CF006419A1 /* input2.txt */,
				DCB9D6712B8CC7CF006419A1 /* input3.txt */,
			);
			path = habibe.koseoglu_Koseoglu_Habibe_hw3.cpp;
			sourceTree = "<group>";
		};
/* End PBXGroup section */

/* Begin PBXNativeTarget section */
		DC00FF462AFB687900D98DDB /* habibe.koseoglu_Koseoglu_Habibe_hw3.cpp */ = {
			isa = PBXNativeTarget;
			buildConfigurationList = DC00FF4E2AFB687900D98DDB /* Build configuration list for PBXNativeTarget "habibe.koseoglu_Koseoglu_Habibe_hw3.cpp" */;
			buildPhases = (
				DC00FF432AFB687900D98DDB /* Sources */,
				DC00FF442AFB687900D98DDB /* Frameworks */,
				DC00FF452AFB687900D98DDB /* CopyFiles */,
				DCB9D66C2B8CC7A0006419A1 /* CopyFiles */,
			);
			buildRules = (
			);
			dependencies = (
			);
			name = habibe.koseoglu_Koseoglu_Habibe_hw3.cpp;
			productName = habibe.koseoglu_Koseoglu_Habibe_hw3.cpp;
			productReference = DC00FF472AFB687900D98DDB /* habibe.koseoglu_Koseoglu_Habibe_hw3.cpp */;
			productType = "com.apple.product-type.tool";
		};
/* End PBXNativeTarget section */

/* Begin PBXProject section */
		DC00FF3F2AFB687900D98DDB /* Project object */ = {
			isa = PBXProject;
			attributes = {
				BuildIndependentTargetsInParallel = 1;
				LastUpgradeCheck = 1500;
				TargetAttributes = {
					DC00FF462AFB687900D98DDB = {
						CreatedOnToolsVersion = 15.0.1;
					};
				};
			};
			buildConfigurationList = DC00FF422AFB687900D98DDB /* Build configuration list for PBXProject "habibe.koseoglu_Koseoglu_Habibe_hw3.cpp" */;
			compatibilityVersion = "Xcode 14.0";
			developmentRegion = en;
			hasScannedForEncodings = 0;
			knownRegions = (
				en,
				Base,
			);
			mainGroup = DC00FF3E2AFB687900D98DDB;
			productRefGroup = DC00FF482AFB687900D98DDB /* Products */;
			projectDirPath = "";
			projectRoot = "";
			targets = (
				DC00FF462AFB687900D98DDB /* habibe.koseoglu_Koseoglu_Habibe_hw3.cpp */,
			);
		};
/* End PBXProject section */

/* Begin PBXSourcesBuildPhase section */
		DC00FF432AFB687900D98DDB /* Sources */ = {
			isa = PBXSourcesBuildPhase;
			buildActionMask = 2147483647;
			files = (
				DC00FF4B2AFB687900D98DDB /* habibe.koseoglu_Koseoglu_Habibe_hw3.cpp in Sources */,
			);
			runOnlyForDeploymentPostprocessing = 0;
		};
/* End PBXSourcesBuildPhase section */

/* Begin XCBuildConfiguration section */
		DC00FF4C2AFB687900D98DDB /* Debug */ = {
			isa = XCBuildConfiguration;
			buildSettings = {
				ALWAYS_SEARCH_USER_PATHS = NO;
				ASSETCATALOG_COMPILER_GENERATE_SWIFT_ASSET_SYMBOL_EXTENSIONS = YES;
				CLANG_ANALYZER_NONNULL = YES;
				CLANG_ANALYZER_NUMBER_OBJECT_CONVERSION = YES_AGGRESSIVE;
				CLANG_CXX_LANGUAGE_STANDARD = "gnu++20";
				CLANG_ENABLE_MODULES = YES;
				CLANG_ENABLE_OBJC_ARC = YES;
				CLANG_ENABLE_OBJC_WEAK = YES;
				CLANG_WARN_BLOCK_CAPTURE_AUTORELEASING = YES;
				CLANG_WARN_BOOL_CONVERSION = YES;
				CLANG_WARN_COMMA = YES;
				CLANG_WARN_CONSTANT_CONVERSION = YES;
				CLANG_WARN_DEPRECATED_OBJC_IMPLEMENTATIONS = YES;
				CLANG_WARN_DIRECT_OBJC_ISA_USAGE = YES_ERROR;
				CLANG_WARN_DOCUMENTATION_COMMENTS = YES;
				CLANG_WARN_EMPTY_BODY = YES;
				CLANG_WARN_ENUM_CONVERSION = YES;
				CLANG_WARN_INFINITE_RECURSION = YES;
				CLANG_WARN_INT_CONVERSION = YES;
				CLANG_WARN_NON_LITERAL_NULL_CONVERSION = YES;
				CLANG_WARN_OBJC_IMPLICIT_RETAIN_SELF = YES;
				CLANG_WARN_OBJC_LITERAL_CONVERSION = YES;
				CLANG_WARN_OBJC_ROOT_CLASS = YES_ERROR;
				CLANG_WARN_QUOTED_INCLUDE_IN_FRAMEWORK_HEADER = YES;
				CLANG_WARN_RANGE_LOOP_ANALYSIS = YES;
				CLANG_WARN_STRICT_PROTOTYPES = YES;
				CLANG_WARN_SUSPICIOUS_MOVE = YES;
				CLANG_WARN_UNGUARDED_AVAILABILITY = YES_AGGRESSIVE;
				CLANG_WARN_UNREACHABLE_CODE = YES;
				CLANG_WARN__DUPLICATE_METHOD_MATCH = YES;
				COPY_PHASE_STRIP = NO;
				DEBUG_INFORMATION_FORMAT = dwarf;
				ENABLE_STRICT_OBJC_MSGSEND = YES;
				ENABLE_TESTABILITY = YES;
				ENABLE_USER_SCRIPT_SANDBOXING = YES;
				GCC_C_LANGUAGE_STANDARD = gnu17;
				GCC_DYNAMIC_NO_PIC = NO;
				GCC_NO_COMMON_BLOCKS = YES;
				GCC_OPTIMIZATION_LEVEL = 0;
				GCC_PREPROCESSOR_DEFINITIONS = (
					"DEBUG=1",
					"$(inherited)",
				);
				GCC_WARN_64_TO_32_BIT_CONVERSION = YES;
				GCC_WARN_ABOUT_RETURN_TYPE = YES_ERROR;
				GCC_WARN_UNDECLARED_SELECTOR = YES;
				GCC_WARN_UNINITIALIZED_AUTOS = YES_AGGRESSIVE;
				GCC_WARN_UNUSED_FUNCTION = YES;
				GCC_WARN_UNUSED_VARIABLE = YES;
				LOCALIZATION_PREFERS_STRING_CATALOGS = YES;
				MACOSX_DEPLOYMENT_TARGET = 14.0;
				MTL_ENABLE_DEBUG_INFO = INCLUDE_SOURCE;
				MTL_FAST_MATH = YES;
				ONLY_ACTIVE_ARCH = YES;
				SDKROOT = macosx;
			};
			name = Debug;
		};
		DC00FF4D2AFB687900D98DDB /* Release */ = {
			isa = XCBuildConfiguration;
			buildSettings = {
				ALWAYS_SEARCH_USER_PATHS = NO;
				ASSETCATALOG_COMPILER_GENERATE_SWIFT_ASSET_SYMBOL_EXTENSIONS = YES;
				CLANG_ANALYZER_NONNULL = YES;
				CLANG_ANALYZER_NUMBER_OBJECT_CONVERSION = YES_AGGRESSIVE;
				CLANG_CXX_LANGUAGE_STANDARD = "gnu++20";
				CLANG_ENABLE_MODULES = YES;
				CLANG_ENABLE_OBJC_ARC = YES;
				CLANG_ENABLE_OBJC_WEAK = YES;
				CLANG_WARN_BLOCK_CAPTURE_AUTORELEASING = YES;
				CLANG_WARN_BOOL_CONVERSION = YES;
				CLANG_WARN_COMMA = YES;
				CLANG_WARN_CONSTANT_CONVERSION = YES;
				CLANG_WARN_DEPRECATED_OBJC_IMPLEMENTATIONS = YES;
				CLANG_WARN_DIRECT_OBJC_ISA_USAGE = YES_ERROR;
				CLANG_WARN_DOCUMENTATION_COMMENTS = YES;
				CLANG_WARN_EMPTY_BODY = YES;
				CLANG_WARN_ENUM_CONVERSION = YES;
				CLANG_WARN_INFINITE_RECURSION = YES;
				CLANG_WARN_INT_CONVERSION = YES;
				CLANG_WARN_NON_LITERAL_NULL_CONVERSION = YES;
				CLANG_WARN_OBJC_IMPLICIT_RETAIN_SELF = YES;
				CLANG_WARN_OBJC_LITERAL_CONVERSION = YES;
				CLANG_WARN_OBJC_ROOT_CLASS = YES_ERROR;
				CLANG_WARN_QUOTED_INCLUDE_IN_FRAMEWORK_HEADER = YES;
				CLANG_WARN_RANGE_LOOP_ANALYSIS = YES;
				CLANG_WARN_STRICT_PROTOTYPES = YES;
				CLANG_WARN_SUSPICIOUS_MOVE = YES;
				CLANG_WARN_UNGUARDED_AVAILABILITY = YES_AGGRESSIVE;
				CLANG_WARN_UNREACHABLE_CODE = YES;
				CLANG_WARN__DUPLICATE_METHOD_MATCH = YES;
				COPY_PHASE_STRIP = NO;
				DEBUG_INFORMATION_FORMAT = "dwarf-with-dsym";
				ENABLE_NS_ASSERTIONS = NO;
				ENABLE_STRICT_OBJC_MSGSEND = YES;
				ENABLE_USER_SCRIPT_SANDBOXING = YES;
				GCC_C_LANGUAGE_STANDARD = gnu17;
				GCC_NO_COMMON_BLOCKS = YES;
				GCC_WARN_64_TO_32_BIT_CONVERSION = YES;
				GCC_WARN_ABOUT_RETURN_TYPE = YES_ERROR;
				GCC_WARN_UNDECLARED_SELECTOR = YES;
				GCC_WARN_UNINITIALIZED_AUTOS = YES_AGGRESSIVE;
				GCC_WARN_UNUSED_FUNCTION = YES;
				GCC_WARN_UNUSED_VARIABLE = YES;
				LOCALIZATION_PREFERS_STRING_CATALOGS = YES;
				MACOSX_DEPLOYMENT_TARGET = 14.0;
				MTL_ENABLE_DEBUG_INFO = NO;
				MTL_FAST_MATH = YES;
				SDKROOT = macosx;
			};
			name = Release;
		};
		DC00FF4F2AFB687900D98DDB /* Debug */ = {
			isa = XCBuildConfiguration;
			buildSettings = {
				CODE_SIGN_STYLE = Automatic;
				DEVELOPMENT_TEAM = 9V6SH5FT6F;
				ENABLE_HARDENED_RUNTIME = YES;
				PRODUCT_NAME = "$(TARGET_NAME)";
			};
			name = Debug;
		};
		DC00FF502AFB687900D98DDB /* Release */ = {
			isa = XCBuildConfiguration;
			buildSettings = {
				CODE_SIGN_STYLE = Automatic;
				DEVELOPMENT_TEAM = 9V6SH5FT6F;
				ENABLE_HARDENED_RUNTIME = YES;
				PRODUCT_NAME = "$(TARGET_NAME)";
			};
			name = Release;
		};
/* End XCBuildConfiguration section */

/* Begin XCConfigurationList section */
		DC00FF422AFB687900D98DDB /* Build configuration list for PBXProject "habibe.koseoglu_Koseoglu_Habibe_hw3.cpp" */ = {
			isa = XCConfigurationList;
			buildConfigurations = (
				DC00FF4C2AFB687900D98DDB /* Debug */,
				DC00FF4D2AFB687900D98DDB /* Release */,
			);
			defaultConfigurationIsVisible = 0;
			defaultConfigurationName = Release;
		};
		DC00FF4E2AFB687900D98DDB /* Build configuration list for PBXNativeTarget "habibe.koseoglu_Koseoglu_Habibe_hw3.cpp" */ = {
			isa = XCConfigurationList;
			buildConfigurations = (
				DC00FF4F2AFB687900D98DDB /* Debug */,
				DC00FF502AFB687900D98DDB /* Release */,
			);
			defaultConfigurationIsVisible = 0;
			defaultConfigurationName = Release;
		};
/* End XCConfigurationList section */
	};
	rootObject = DC00FF3F2AFB687900D98DDB /* Project object */;
}
